PODS:
  - Alamofire (4.7.2)
  - GTProgressBar (0.2.4)
  - Kingfisher (4.7.0)
  - lottie-ios (2.5.0)
  - SelectionList (1.1)
  - SwiftyIamport (4.0.0)
  - SwiftyJSON (4.1.0)
  - "UITextView+Placeholder (1.2.0)"

DEPENDENCIES:
  - Alamofire
  - GTProgressBar
  - Kingfisher
  - lottie-ios
  - SelectionList
  - SwiftyIamport (~> 4.0.0)
  - SwiftyJSON
  - "UITextView+Placeholder"

SPEC REPOS:
  https://github.com/cocoapods/specs.git:
    - Alamofire
    - GTProgressBar
    - Kingfisher
    - lottie-ios
    - SelectionList
    - SwiftyIamport
    - SwiftyJSON
    - "UITextView+Placeholder"

SPEC CHECKSUMS:
  Alamofire: e4fa87002c137ba2d8d634d2c51fabcda0d5c223
  GTProgressBar: 1d79e4a627e997263b612c7e6589126dfe5645b8
  Kingfisher: da6b005aa96d37698e3e4f1ccfe96a5b9bbf27d6
  lottie-ios: d699fdee68d7b63e721d949388b015fef1aaa4ac
  SelectionList: c925d3cafcee48d65210894ffefebd768ebd5f37
  SwiftyIamport: ccb052674a70d8e9b3303b562f03be51427a65d4
  SwiftyJSON: c29297daf073d2aa016295d5809cdd68045c39b3
  "UITextView+Placeholder": 77680995fcdd07c3f52ec92fe1150874a2ac89ff

PODFILE CHECKSUM: 7953d48217e70ff5132e43fe7aa5541aed83501f

COCOAPODS: 1.5.3
