// !$*UTF8*$!
{
	archiveVersion = 1;
	classes = {
	};
	objectVersion = 48;
	objects = {

/* Begin PBXBuildFile section */
		2200E2FE20F086E30030A7E9 /* MainBottomViewController.swift in Sources */ = {isa = PBXBuildFile; fileRef = 2200E2FD20F086E30030A7E9 /* MainBottomViewController.swift */; };
		2200E30720F1D8E00030A7E9 /* MyPageService.swift in Sources */ = {isa = PBXBuildFile; fileRef = 2200E30620F1D8E00030A7E9 /* MyPageService.swift */; };
		2200E30920F1D96A0030A7E9 /* MyPageNoneTicketData.swift in Sources */ = {isa = PBXBuildFile; fileRef = 2200E30820F1D96A0030A7E9 /* MyPageNoneTicketData.swift */; };
		2200E30B20F1D9850030A7E9 /* MyPageNoneTicket.swift in Sources */ = {isa = PBXBuildFile; fileRef = 2200E30A20F1D9850030A7E9 /* MyPageNoneTicket.swift */; };
		2200E30D20F27C090030A7E9 /* MyPageTicketData.swift in Sources */ = {isa = PBXBuildFile; fileRef = 2200E30C20F27C090030A7E9 /* MyPageTicketData.swift */; };
		2200E30F20F27C210030A7E9 /* MyPageTicket.swift in Sources */ = {isa = PBXBuildFile; fileRef = 2200E30E20F27C210030A7E9 /* MyPageTicket.swift */; };
		2200E31120F2F6D80030A7E9 /* QuestionAnswerData.swift in Sources */ = {isa = PBXBuildFile; fileRef = 2200E31020F2F6D80030A7E9 /* QuestionAnswerData.swift */; };
		2200E31320F2F6E60030A7E9 /* QuestionAnswer.swift in Sources */ = {isa = PBXBuildFile; fileRef = 2200E31220F2F6E60030A7E9 /* QuestionAnswer.swift */; };
		2200E31520F2F8B20030A7E9 /* Product.swift in Sources */ = {isa = PBXBuildFile; fileRef = 2200E31420F2F8B20030A7E9 /* Product.swift */; };
		2200E31720F2F97C0030A7E9 /* Delivery.swift in Sources */ = {isa = PBXBuildFile; fileRef = 2200E31620F2F97C0030A7E9 /* Delivery.swift */; };
		2200E31920F2FF8C0030A7E9 /* Packing.swift in Sources */ = {isa = PBXBuildFile; fileRef = 2200E31820F2FF8C0030A7E9 /* Packing.swift */; };
		2200E31B20F2FFC70030A7E9 /* Subcribe.swift in Sources */ = {isa = PBXBuildFile; fileRef = 2200E31A20F2FFC70030A7E9 /* Subcribe.swift */; };
		2200E31D20F309A40030A7E9 /* AccountData.swift in Sources */ = {isa = PBXBuildFile; fileRef = 2200E31C20F309A40030A7E9 /* AccountData.swift */; };
		2200E31F20F309AC0030A7E9 /* Account.swift in Sources */ = {isa = PBXBuildFile; fileRef = 2200E31E20F309AC0030A7E9 /* Account.swift */; };
		22109A8020EAAA3200E463C2 /* MyPage.storyboard in Resources */ = {isa = PBXBuildFile; fileRef = 22109A7F20EAAA3200E463C2 /* MyPage.storyboard */; };
		22109A8220EAAAFC00E463C2 /* MyPage1ViewController.swift in Sources */ = {isa = PBXBuildFile; fileRef = 22109A8120EAAAFC00E463C2 /* MyPage1ViewController.swift */; };
		22156DBE20EF85380014491E /* MeowBoxDetailTableViewCell.swift in Sources */ = {isa = PBXBuildFile; fileRef = 22156DBD20EF85380014491E /* MeowBoxDetailTableViewCell.swift */; };
		22156DC020EF85570014491E /* MeowBoxDetailCollectionViewCell.swift in Sources */ = {isa = PBXBuildFile; fileRef = 22156DBF20EF85570014491E /* MeowBoxDetailCollectionViewCell.swift */; };
		222B5DAF20E8BA26003F0A8C /* AppDelegate.swift in Sources */ = {isa = PBXBuildFile; fileRef = 222B5DAE20E8BA26003F0A8C /* AppDelegate.swift */; };
		222B5DB420E8BA26003F0A8C /* Main.storyboard in Resources */ = {isa = PBXBuildFile; fileRef = 222B5DB220E8BA26003F0A8C /* Main.storyboard */; };
		222B5DB620E8BA28003F0A8C /* Assets.xcassets in Resources */ = {isa = PBXBuildFile; fileRef = 222B5DB520E8BA28003F0A8C /* Assets.xcassets */; };
		222B5DB920E8BA28003F0A8C /* LaunchScreen.storyboard in Resources */ = {isa = PBXBuildFile; fileRef = 222B5DB720E8BA28003F0A8C /* LaunchScreen.storyboard */; };
		222B5DC820E8BB56003F0A8C /* ExtensionControl.swift in Sources */ = {isa = PBXBuildFile; fileRef = 222B5DC720E8BB56003F0A8C /* ExtensionControl.swift */; };
		222B5DCA20E8BB6F003F0A8C /* APIService.swift in Sources */ = {isa = PBXBuildFile; fileRef = 222B5DC920E8BB6F003F0A8C /* APIService.swift */; };
		222B5DCC20E8BB99003F0A8C /* Order.swift in Sources */ = {isa = PBXBuildFile; fileRef = 222B5DCB20E8BB99003F0A8C /* Order.swift */; };
		2259035120EE6E3300094935 /* MeowBoxDetailViewController.swift in Sources */ = {isa = PBXBuildFile; fileRef = 2259035020EE6E3300094935 /* MeowBoxDetailViewController.swift */; };
		227DF56B20E905FF00050EBC /* MainViewController.swift in Sources */ = {isa = PBXBuildFile; fileRef = 227DF56A20E905FF00050EBC /* MainViewController.swift */; };
		229407B820EA182D00AB2B0C /* NotoSansCJKkr-Thin.otf in Resources */ = {isa = PBXBuildFile; fileRef = 229407AF20EA182800AB2B0C /* NotoSansCJKkr-Thin.otf */; };
		229407B920EA182D00AB2B0C /* NotoSansCJKkr-Black.otf in Resources */ = {isa = PBXBuildFile; fileRef = 229407B020EA182900AB2B0C /* NotoSansCJKkr-Black.otf */; };
		229407BA20EA182D00AB2B0C /* NotoSansMonoCJKkr-Regular.otf in Resources */ = {isa = PBXBuildFile; fileRef = 229407B120EA182900AB2B0C /* NotoSansMonoCJKkr-Regular.otf */; };
		229407BB20EA182D00AB2B0C /* NotoSansCJKkr-Regular.otf in Resources */ = {isa = PBXBuildFile; fileRef = 229407B220EA182A00AB2B0C /* NotoSansCJKkr-Regular.otf */; };
		229407BC20EA182D00AB2B0C /* NotoSansCJKkr-Light.otf in Resources */ = {isa = PBXBuildFile; fileRef = 229407B320EA182B00AB2B0C /* NotoSansCJKkr-Light.otf */; };
		229407BD20EA182D00AB2B0C /* NotoSansCJKkr-Bold.otf in Resources */ = {isa = PBXBuildFile; fileRef = 229407B420EA182B00AB2B0C /* NotoSansCJKkr-Bold.otf */; };
		229407BE20EA182D00AB2B0C /* NotoSansCJKkr-DemiLight.otf in Resources */ = {isa = PBXBuildFile; fileRef = 229407B520EA182C00AB2B0C /* NotoSansCJKkr-DemiLight.otf */; };
		229407BF20EA182D00AB2B0C /* NotoSansCJKkr-Medium.otf in Resources */ = {isa = PBXBuildFile; fileRef = 229407B620EA182C00AB2B0C /* NotoSansCJKkr-Medium.otf */; };
		229407C020EA182D00AB2B0C /* NotoSansMonoCJKkr-Bold.otf in Resources */ = {isa = PBXBuildFile; fileRef = 229407B720EA182D00AB2B0C /* NotoSansMonoCJKkr-Bold.otf */; };
		229BCBA720E9BAA1005E3B9F /* Sign.storyboard in Resources */ = {isa = PBXBuildFile; fileRef = 229BCBA620E9BAA1005E3B9F /* Sign.storyboard */; };
		229BCBAB20E9BBC7005E3B9F /* SignInViewController.swift in Sources */ = {isa = PBXBuildFile; fileRef = 229BCBAA20E9BBC7005E3B9F /* SignInViewController.swift */; };
		229BCBAD20E9CD16005E3B9F /* LoginViewController.swift in Sources */ = {isa = PBXBuildFile; fileRef = 229BCBAC20E9CD16005E3B9F /* LoginViewController.swift */; };
		22A86ED220EBD81D00B17661 /* LoginPopUp1ViewController.swift in Sources */ = {isa = PBXBuildFile; fileRef = 22A86ED120EBD81D00B17661 /* LoginPopUp1ViewController.swift */; };
		22A86ED420EBE13600B17661 /* OrderPagePopUpViewController.swift in Sources */ = {isa = PBXBuildFile; fileRef = 22A86ED320EBE13600B17661 /* OrderPagePopUpViewController.swift */; };
		22A86ED620EBE84C00B17661 /* TicketCancelPopUpViewController.swift in Sources */ = {isa = PBXBuildFile; fileRef = 22A86ED520EBE84C00B17661 /* TicketCancelPopUpViewController.swift */; };
		22A86ED820EBEE4400B17661 /* LogoutPopUpViewController.swift in Sources */ = {isa = PBXBuildFile; fileRef = 22A86ED720EBEE4400B17661 /* LogoutPopUpViewController.swift */; };
		22A86EDA20EBF09500B17661 /* LogoutSucessPopUpViewController.swift in Sources */ = {isa = PBXBuildFile; fileRef = 22A86ED920EBF09500B17661 /* LogoutSucessPopUpViewController.swift */; };
		22B1179D20EC5EE7006B8536 /* MyAccountViewController.swift in Sources */ = {isa = PBXBuildFile; fileRef = 22B1179C20EC5EE7006B8536 /* MyAccountViewController.swift */; };
		22B9EF4720EA039D00A2A9FD /* Roboto-Medium.ttf in Resources */ = {isa = PBXBuildFile; fileRef = 22B9EF4420EA039D00A2A9FD /* Roboto-Medium.ttf */; };
		22B9EF4820EA039D00A2A9FD /* Roboto-Bold.ttf in Resources */ = {isa = PBXBuildFile; fileRef = 22B9EF4520EA039D00A2A9FD /* Roboto-Bold.ttf */; };
		22B9EF4920EA039D00A2A9FD /* Roboto-Regular.ttf in Resources */ = {isa = PBXBuildFile; fileRef = 22B9EF4620EA039D00A2A9FD /* Roboto-Regular.ttf */; };
		22B9EF4B20EA07EC00A2A9FD /* MeowBox.storyboard in Resources */ = {isa = PBXBuildFile; fileRef = 22B9EF4A20EA07EC00A2A9FD /* MeowBox.storyboard */; };
		22BB241720EDCC0D00FD04E9 /* MyPageToSViewController.swift in Sources */ = {isa = PBXBuildFile; fileRef = 22BB241620EDCC0D00FD04E9 /* MyPageToSViewController.swift */; };
		22BEB4F620EDC63D0030E81B /* MyPage1TicketViewController.swift in Sources */ = {isa = PBXBuildFile; fileRef = 22BEB4F520EDC63D0030E81B /* MyPage1TicketViewController.swift */; };
		22BEB4F820EDC6810030E81B /* MyPage1BoxViewController.swift in Sources */ = {isa = PBXBuildFile; fileRef = 22BEB4F720EDC6810030E81B /* MyPage1BoxViewController.swift */; };
		22C1D38720EFC33700391389 /* MeowBoxReviewViewController.swift in Sources */ = {isa = PBXBuildFile; fileRef = 22C1D38620EFC33700391389 /* MeowBoxReviewViewController.swift */; };
		22D3B21320EFE10A00DE37F4 /* MeowBoxReviewCollectionViewCell.swift in Sources */ = {isa = PBXBuildFile; fileRef = 22D3B21220EFE10A00DE37F4 /* MeowBoxReviewCollectionViewCell.swift */; };
		22D3B21520EFE13A00DE37F4 /* MeowBoxReviewTableViewCell.swift in Sources */ = {isa = PBXBuildFile; fileRef = 22D3B21420EFE13A00DE37F4 /* MeowBoxReviewTableViewCell.swift */; };
		22E8F7E820EBF70A00735276 /* WithdrawalPopUpViewController.swift in Sources */ = {isa = PBXBuildFile; fileRef = 22E8F7E720EBF70A00735276 /* WithdrawalPopUpViewController.swift */; };
		22E8F7EA20EBF90D00735276 /* WithdrawalSucessPopUpViewController.swift in Sources */ = {isa = PBXBuildFile; fileRef = 22E8F7E920EBF90D00735276 /* WithdrawalSucessPopUpViewController.swift */; };
		9308BCA6A6E7FEDA2CAE42E1 /* Pods_MeowBox.framework in Frameworks */ = {isa = PBXBuildFile; fileRef = 287C0D40915BBAC2BD0D00E3 /* Pods_MeowBox.framework */; };
		CC05673A20E8EC4B00AEDF24 /* Order.storyboard in Resources */ = {isa = PBXBuildFile; fileRef = CC05673920E8EC4B00AEDF24 /* Order.storyboard */; };
		CC336E1E20F2746E00073E96 /* Ticketed.swift in Sources */ = {isa = PBXBuildFile; fileRef = CC336E1D20F2746D00073E96 /* Ticketed.swift */; };
		CC336E2020F276C400073E96 /* Ticket.swift in Sources */ = {isa = PBXBuildFile; fileRef = CC336E1F20F276C400073E96 /* Ticket.swift */; };
		CC336E2220F2772500073E96 /* OrderList.swift in Sources */ = {isa = PBXBuildFile; fileRef = CC336E2120F2772500073E96 /* OrderList.swift */; };
		CC4493BD20EBCBC60095D118 /* Order1ContainerViewController.swift in Sources */ = {isa = PBXBuildFile; fileRef = CC4493BC20EBCBC60095D118 /* Order1ContainerViewController.swift */; };
		CC44CBB420EB2174007466D8 /* Mypage2.storyboard in Resources */ = {isa = PBXBuildFile; fileRef = CC44CBB320EB2174007466D8 /* Mypage2.storyboard */; };
		CC44CBB620EB21EB007466D8 /* SuggestViewController.swift in Sources */ = {isa = PBXBuildFile; fileRef = CC44CBB520EB21EB007466D8 /* SuggestViewController.swift */; };
		CC44CBB820EB2235007466D8 /* QuestionViewController.swift in Sources */ = {isa = PBXBuildFile; fileRef = CC44CBB720EB2235007466D8 /* QuestionViewController.swift */; };
		CC44CBBA20EB2307007466D8 /* SettingViewController.swift in Sources */ = {isa = PBXBuildFile; fileRef = CC44CBB920EB2307007466D8 /* SettingViewController.swift */; };
		CC4AD41F20EE1D0700C31E53 /* CheckTicketViewController.swift in Sources */ = {isa = PBXBuildFile; fileRef = CC4AD41E20EE1D0700C31E53 /* CheckTicketViewController.swift */; };
		CC4AD42120EE20A700C31E53 /* CheckTicketTableViewCell.swift in Sources */ = {isa = PBXBuildFile; fileRef = CC4AD42020EE20A700C31E53 /* CheckTicketTableViewCell.swift */; };
		CC54E41620EC9892007C5C4E /* QuestionTableViewCell.swift in Sources */ = {isa = PBXBuildFile; fileRef = CC54E41520EC9892007C5C4E /* QuestionTableViewCell.swift */; };
		CC54E41820ECA1DC007C5C4E /* QuestionHeaderTableViewCell.swift in Sources */ = {isa = PBXBuildFile; fileRef = CC54E41720ECA1DC007C5C4E /* QuestionHeaderTableViewCell.swift */; };
		CC54E41A20ECAE3F007C5C4E /* QuestionFooterTableViewCell.swift in Sources */ = {isa = PBXBuildFile; fileRef = CC54E41920ECAE3F007C5C4E /* QuestionFooterTableViewCell.swift */; };
		CC5CE21B20E9C40D00FCE6AD /* OrderWithInfo3ViewController.swift in Sources */ = {isa = PBXBuildFile; fileRef = CC5CE21A20E9C40D00FCE6AD /* OrderWithInfo3ViewController.swift */; };
		CC5CE21D20E9D28D00FCE6AD /* OrderWithInfo4ViewController.swift in Sources */ = {isa = PBXBuildFile; fileRef = CC5CE21C20E9D28D00FCE6AD /* OrderWithInfo4ViewController.swift */; };
		CC5CE21F20E9D3B500FCE6AD /* OrderCompleteViewController.swift in Sources */ = {isa = PBXBuildFile; fileRef = CC5CE21E20E9D3B500FCE6AD /* OrderCompleteViewController.swift */; };
		CC693A1120EE080E00DA0935 /* TicketViewController.swift in Sources */ = {isa = PBXBuildFile; fileRef = CC693A1020EE080E00DA0935 /* TicketViewController.swift */; };
		CC693A1320EE0BED00DA0935 /* TicketTableViewCell.swift in Sources */ = {isa = PBXBuildFile; fileRef = CC693A1220EE0BED00DA0935 /* TicketTableViewCell.swift */; };
		CC794FDC20F327D500B8EEEE /* OrderListData.swift in Sources */ = {isa = PBXBuildFile; fileRef = CC794FDB20F327D500B8EEEE /* OrderListData.swift */; };
		CC794FDE20F32D1300B8EEEE /* OrderDetailList.swift in Sources */ = {isa = PBXBuildFile; fileRef = CC794FDD20F32D1300B8EEEE /* OrderDetailList.swift */; };
		CC794FE220F3482100B8EEEE /* Cat.swift in Sources */ = {isa = PBXBuildFile; fileRef = CC794FE120F3482100B8EEEE /* Cat.swift */; };
		CC794FE420F35F0800B8EEEE /* meow_box_splash.json in Resources */ = {isa = PBXBuildFile; fileRef = CC794FE320F35F0700B8EEEE /* meow_box_splash.json */; };
		CC7DB55520EDE3CC00286E29 /* MainCollectionViewCell.swift in Sources */ = {isa = PBXBuildFile; fileRef = CC7DB55420EDE3CC00286E29 /* MainCollectionViewCell.swift */; };
		CCB12E5B20E90C6B00C5D4B8 /* OrderWithInfoViewController.swift in Sources */ = {isa = PBXBuildFile; fileRef = CCB12E5A20E90C6B00C5D4B8 /* OrderWithInfoViewController.swift */; };
		CCCA9DF220F0E930004319E5 /* NoticeViewController.swift in Sources */ = {isa = PBXBuildFile; fileRef = CCCA9DF120F0E930004319E5 /* NoticeViewController.swift */; };
		CCCA9DF420F0EE5B004319E5 /* NoticeTableViewCell.swift in Sources */ = {isa = PBXBuildFile; fileRef = CCCA9DF320F0EE5B004319E5 /* NoticeTableViewCell.swift */; };
		CCDD5E7820E945C100A989CB /* OrderWithInfo2ViewController.swift in Sources */ = {isa = PBXBuildFile; fileRef = CCDD5E7720E945C100A989CB /* OrderWithInfo2ViewController.swift */; };
		CCF0947620F1C3BB0029567B /* SignService.swift in Sources */ = {isa = PBXBuildFile; fileRef = CCF0947520F1C3BB0029567B /* SignService.swift */; };
		CCF0947820F1D6F30029567B /* CatService.swift in Sources */ = {isa = PBXBuildFile; fileRef = CCF0947720F1D6F30029567B /* CatService.swift */; };
		CCF0947A20F1EE460029567B /* OrderService.swift in Sources */ = {isa = PBXBuildFile; fileRef = CCF0947920F1EE460029567B /* OrderService.swift */; };
/* End PBXBuildFile section */

/* Begin PBXFileReference section */
		0725B72C78BF90D17ACFD95D /* Pods-MeowBox.debug.xcconfig */ = {isa = PBXFileReference; includeInIndex = 1; lastKnownFileType = text.xcconfig; name = "Pods-MeowBox.debug.xcconfig"; path = "Pods/Target Support Files/Pods-MeowBox/Pods-MeowBox.debug.xcconfig"; sourceTree = "<group>"; };
		2200E2FD20F086E30030A7E9 /* MainBottomViewController.swift */ = {isa = PBXFileReference; lastKnownFileType = sourcecode.swift; path = MainBottomViewController.swift; sourceTree = "<group>"; };
		2200E30620F1D8E00030A7E9 /* MyPageService.swift */ = {isa = PBXFileReference; lastKnownFileType = sourcecode.swift; path = MyPageService.swift; sourceTree = "<group>"; };
		2200E30820F1D96A0030A7E9 /* MyPageNoneTicketData.swift */ = {isa = PBXFileReference; lastKnownFileType = sourcecode.swift; path = MyPageNoneTicketData.swift; sourceTree = "<group>"; };
		2200E30A20F1D9850030A7E9 /* MyPageNoneTicket.swift */ = {isa = PBXFileReference; lastKnownFileType = sourcecode.swift; path = MyPageNoneTicket.swift; sourceTree = "<group>"; };
		2200E30C20F27C090030A7E9 /* MyPageTicketData.swift */ = {isa = PBXFileReference; lastKnownFileType = sourcecode.swift; path = MyPageTicketData.swift; sourceTree = "<group>"; };
		2200E30E20F27C210030A7E9 /* MyPageTicket.swift */ = {isa = PBXFileReference; lastKnownFileType = sourcecode.swift; path = MyPageTicket.swift; sourceTree = "<group>"; };
		2200E31020F2F6D80030A7E9 /* QuestionAnswerData.swift */ = {isa = PBXFileReference; lastKnownFileType = sourcecode.swift; path = QuestionAnswerData.swift; sourceTree = "<group>"; };
		2200E31220F2F6E60030A7E9 /* QuestionAnswer.swift */ = {isa = PBXFileReference; lastKnownFileType = sourcecode.swift; path = QuestionAnswer.swift; sourceTree = "<group>"; };
		2200E31420F2F8B20030A7E9 /* Product.swift */ = {isa = PBXFileReference; lastKnownFileType = sourcecode.swift; path = Product.swift; sourceTree = "<group>"; };
		2200E31620F2F97C0030A7E9 /* Delivery.swift */ = {isa = PBXFileReference; lastKnownFileType = sourcecode.swift; path = Delivery.swift; sourceTree = "<group>"; };
		2200E31820F2FF8C0030A7E9 /* Packing.swift */ = {isa = PBXFileReference; lastKnownFileType = sourcecode.swift; path = Packing.swift; sourceTree = "<group>"; };
		2200E31A20F2FFC70030A7E9 /* Subcribe.swift */ = {isa = PBXFileReference; lastKnownFileType = sourcecode.swift; path = Subcribe.swift; sourceTree = "<group>"; };
		2200E31C20F309A40030A7E9 /* AccountData.swift */ = {isa = PBXFileReference; lastKnownFileType = sourcecode.swift; path = AccountData.swift; sourceTree = "<group>"; };
		2200E31E20F309AC0030A7E9 /* Account.swift */ = {isa = PBXFileReference; lastKnownFileType = sourcecode.swift; path = Account.swift; sourceTree = "<group>"; };
		22109A7F20EAAA3200E463C2 /* MyPage.storyboard */ = {isa = PBXFileReference; lastKnownFileType = file.storyboard; path = MyPage.storyboard; sourceTree = "<group>"; };
		22109A8120EAAAFC00E463C2 /* MyPage1ViewController.swift */ = {isa = PBXFileReference; lastKnownFileType = sourcecode.swift; path = MyPage1ViewController.swift; sourceTree = "<group>"; };
		22156DBD20EF85380014491E /* MeowBoxDetailTableViewCell.swift */ = {isa = PBXFileReference; lastKnownFileType = sourcecode.swift; path = MeowBoxDetailTableViewCell.swift; sourceTree = "<group>"; };
		22156DBF20EF85570014491E /* MeowBoxDetailCollectionViewCell.swift */ = {isa = PBXFileReference; lastKnownFileType = sourcecode.swift; path = MeowBoxDetailCollectionViewCell.swift; sourceTree = "<group>"; };
		222B5DAB20E8BA26003F0A8C /* MeowBox.app */ = {isa = PBXFileReference; explicitFileType = wrapper.application; includeInIndex = 0; path = MeowBox.app; sourceTree = BUILT_PRODUCTS_DIR; };
		222B5DAE20E8BA26003F0A8C /* AppDelegate.swift */ = {isa = PBXFileReference; lastKnownFileType = sourcecode.swift; path = AppDelegate.swift; sourceTree = "<group>"; };
		222B5DB320E8BA26003F0A8C /* Base */ = {isa = PBXFileReference; lastKnownFileType = file.storyboard; name = Base; path = Base.lproj/Main.storyboard; sourceTree = "<group>"; };
		222B5DB520E8BA28003F0A8C /* Assets.xcassets */ = {isa = PBXFileReference; lastKnownFileType = folder.assetcatalog; path = Assets.xcassets; sourceTree = "<group>"; };
		222B5DB820E8BA28003F0A8C /* Base */ = {isa = PBXFileReference; lastKnownFileType = file.storyboard; name = Base; path = Base.lproj/LaunchScreen.storyboard; sourceTree = "<group>"; };
		222B5DBA20E8BA28003F0A8C /* Info.plist */ = {isa = PBXFileReference; lastKnownFileType = text.plist.xml; path = Info.plist; sourceTree = "<group>"; };
		222B5DC720E8BB56003F0A8C /* ExtensionControl.swift */ = {isa = PBXFileReference; lastKnownFileType = sourcecode.swift; path = ExtensionControl.swift; sourceTree = "<group>"; };
		222B5DC920E8BB6F003F0A8C /* APIService.swift */ = {isa = PBXFileReference; lastKnownFileType = sourcecode.swift; path = APIService.swift; sourceTree = "<group>"; };
		222B5DCB20E8BB99003F0A8C /* Order.swift */ = {isa = PBXFileReference; lastKnownFileType = sourcecode.swift; path = Order.swift; sourceTree = "<group>"; };
		2259035020EE6E3300094935 /* MeowBoxDetailViewController.swift */ = {isa = PBXFileReference; lastKnownFileType = sourcecode.swift; path = MeowBoxDetailViewController.swift; sourceTree = "<group>"; };
		227DF56A20E905FF00050EBC /* MainViewController.swift */ = {isa = PBXFileReference; lastKnownFileType = sourcecode.swift; path = MainViewController.swift; sourceTree = "<group>"; };
		229407AF20EA182800AB2B0C /* NotoSansCJKkr-Thin.otf */ = {isa = PBXFileReference; lastKnownFileType = file; path = "NotoSansCJKkr-Thin.otf"; sourceTree = "<group>"; };
		229407B020EA182900AB2B0C /* NotoSansCJKkr-Black.otf */ = {isa = PBXFileReference; lastKnownFileType = file; path = "NotoSansCJKkr-Black.otf"; sourceTree = "<group>"; };
		229407B120EA182900AB2B0C /* NotoSansMonoCJKkr-Regular.otf */ = {isa = PBXFileReference; lastKnownFileType = file; path = "NotoSansMonoCJKkr-Regular.otf"; sourceTree = "<group>"; };
		229407B220EA182A00AB2B0C /* NotoSansCJKkr-Regular.otf */ = {isa = PBXFileReference; lastKnownFileType = file; path = "NotoSansCJKkr-Regular.otf"; sourceTree = "<group>"; };
		229407B320EA182B00AB2B0C /* NotoSansCJKkr-Light.otf */ = {isa = PBXFileReference; lastKnownFileType = file; path = "NotoSansCJKkr-Light.otf"; sourceTree = "<group>"; };
		229407B420EA182B00AB2B0C /* NotoSansCJKkr-Bold.otf */ = {isa = PBXFileReference; lastKnownFileType = file; path = "NotoSansCJKkr-Bold.otf"; sourceTree = "<group>"; };
		229407B520EA182C00AB2B0C /* NotoSansCJKkr-DemiLight.otf */ = {isa = PBXFileReference; lastKnownFileType = file; path = "NotoSansCJKkr-DemiLight.otf"; sourceTree = "<group>"; };
		229407B620EA182C00AB2B0C /* NotoSansCJKkr-Medium.otf */ = {isa = PBXFileReference; lastKnownFileType = file; path = "NotoSansCJKkr-Medium.otf"; sourceTree = "<group>"; };
		229407B720EA182D00AB2B0C /* NotoSansMonoCJKkr-Bold.otf */ = {isa = PBXFileReference; lastKnownFileType = file; path = "NotoSansMonoCJKkr-Bold.otf"; sourceTree = "<group>"; };
		229BCBA620E9BAA1005E3B9F /* Sign.storyboard */ = {isa = PBXFileReference; lastKnownFileType = file.storyboard; path = Sign.storyboard; sourceTree = "<group>"; };
		229BCBAA20E9BBC7005E3B9F /* SignInViewController.swift */ = {isa = PBXFileReference; lastKnownFileType = sourcecode.swift; path = SignInViewController.swift; sourceTree = "<group>"; };
		229BCBAC20E9CD16005E3B9F /* LoginViewController.swift */ = {isa = PBXFileReference; lastKnownFileType = sourcecode.swift; path = LoginViewController.swift; sourceTree = "<group>"; };
		22A86ED120EBD81D00B17661 /* LoginPopUp1ViewController.swift */ = {isa = PBXFileReference; lastKnownFileType = sourcecode.swift; path = LoginPopUp1ViewController.swift; sourceTree = "<group>"; };
		22A86ED320EBE13600B17661 /* OrderPagePopUpViewController.swift */ = {isa = PBXFileReference; lastKnownFileType = sourcecode.swift; path = OrderPagePopUpViewController.swift; sourceTree = "<group>"; };
		22A86ED520EBE84C00B17661 /* TicketCancelPopUpViewController.swift */ = {isa = PBXFileReference; lastKnownFileType = sourcecode.swift; path = TicketCancelPopUpViewController.swift; sourceTree = "<group>"; };
		22A86ED720EBEE4400B17661 /* LogoutPopUpViewController.swift */ = {isa = PBXFileReference; lastKnownFileType = sourcecode.swift; path = LogoutPopUpViewController.swift; sourceTree = "<group>"; };
		22A86ED920EBF09500B17661 /* LogoutSucessPopUpViewController.swift */ = {isa = PBXFileReference; lastKnownFileType = sourcecode.swift; path = LogoutSucessPopUpViewController.swift; sourceTree = "<group>"; };
		22B1179C20EC5EE7006B8536 /* MyAccountViewController.swift */ = {isa = PBXFileReference; lastKnownFileType = sourcecode.swift; path = MyAccountViewController.swift; sourceTree = "<group>"; };
		22B9EF4420EA039D00A2A9FD /* Roboto-Medium.ttf */ = {isa = PBXFileReference; lastKnownFileType = file; path = "Roboto-Medium.ttf"; sourceTree = "<group>"; };
		22B9EF4520EA039D00A2A9FD /* Roboto-Bold.ttf */ = {isa = PBXFileReference; lastKnownFileType = file; path = "Roboto-Bold.ttf"; sourceTree = "<group>"; };
		22B9EF4620EA039D00A2A9FD /* Roboto-Regular.ttf */ = {isa = PBXFileReference; lastKnownFileType = file; path = "Roboto-Regular.ttf"; sourceTree = "<group>"; };
		22B9EF4A20EA07EC00A2A9FD /* MeowBox.storyboard */ = {isa = PBXFileReference; lastKnownFileType = file.storyboard; path = MeowBox.storyboard; sourceTree = "<group>"; };
		22BB241620EDCC0D00FD04E9 /* MyPageToSViewController.swift */ = {isa = PBXFileReference; lastKnownFileType = sourcecode.swift; path = MyPageToSViewController.swift; sourceTree = "<group>"; };
		22BEB4F520EDC63D0030E81B /* MyPage1TicketViewController.swift */ = {isa = PBXFileReference; lastKnownFileType = sourcecode.swift; path = MyPage1TicketViewController.swift; sourceTree = "<group>"; };
		22BEB4F720EDC6810030E81B /* MyPage1BoxViewController.swift */ = {isa = PBXFileReference; lastKnownFileType = sourcecode.swift; path = MyPage1BoxViewController.swift; sourceTree = "<group>"; };
		22C1D38620EFC33700391389 /* MeowBoxReviewViewController.swift */ = {isa = PBXFileReference; lastKnownFileType = sourcecode.swift; path = MeowBoxReviewViewController.swift; sourceTree = "<group>"; };
		22D3B21220EFE10A00DE37F4 /* MeowBoxReviewCollectionViewCell.swift */ = {isa = PBXFileReference; lastKnownFileType = sourcecode.swift; path = MeowBoxReviewCollectionViewCell.swift; sourceTree = "<group>"; };
		22D3B21420EFE13A00DE37F4 /* MeowBoxReviewTableViewCell.swift */ = {isa = PBXFileReference; lastKnownFileType = sourcecode.swift; path = MeowBoxReviewTableViewCell.swift; sourceTree = "<group>"; };
		22E8F7E720EBF70A00735276 /* WithdrawalPopUpViewController.swift */ = {isa = PBXFileReference; lastKnownFileType = sourcecode.swift; path = WithdrawalPopUpViewController.swift; sourceTree = "<group>"; };
		22E8F7E920EBF90D00735276 /* WithdrawalSucessPopUpViewController.swift */ = {isa = PBXFileReference; lastKnownFileType = sourcecode.swift; path = WithdrawalSucessPopUpViewController.swift; sourceTree = "<group>"; };
		287C0D40915BBAC2BD0D00E3 /* Pods_MeowBox.framework */ = {isa = PBXFileReference; explicitFileType = wrapper.framework; includeInIndex = 0; path = Pods_MeowBox.framework; sourceTree = BUILT_PRODUCTS_DIR; };
		6F03CE3F3C4107E59BCDF87A /* Pods-MeowBox.release.xcconfig */ = {isa = PBXFileReference; includeInIndex = 1; lastKnownFileType = text.xcconfig; name = "Pods-MeowBox.release.xcconfig"; path = "Pods/Target Support Files/Pods-MeowBox/Pods-MeowBox.release.xcconfig"; sourceTree = "<group>"; };
		CC05673920E8EC4B00AEDF24 /* Order.storyboard */ = {isa = PBXFileReference; lastKnownFileType = file.storyboard; path = Order.storyboard; sourceTree = "<group>"; };
		CC336E1D20F2746D00073E96 /* Ticketed.swift */ = {isa = PBXFileReference; lastKnownFileType = sourcecode.swift; path = Ticketed.swift; sourceTree = "<group>"; };
		CC336E1F20F276C400073E96 /* Ticket.swift */ = {isa = PBXFileReference; lastKnownFileType = sourcecode.swift; path = Ticket.swift; sourceTree = "<group>"; };
		CC336E2120F2772500073E96 /* OrderList.swift */ = {isa = PBXFileReference; lastKnownFileType = sourcecode.swift; path = OrderList.swift; sourceTree = "<group>"; };
		CC4493BC20EBCBC60095D118 /* Order1ContainerViewController.swift */ = {isa = PBXFileReference; lastKnownFileType = sourcecode.swift; path = Order1ContainerViewController.swift; sourceTree = "<group>"; };
		CC44CBB320EB2174007466D8 /* Mypage2.storyboard */ = {isa = PBXFileReference; lastKnownFileType = file.storyboard; path = Mypage2.storyboard; sourceTree = "<group>"; };
		CC44CBB520EB21EB007466D8 /* SuggestViewController.swift */ = {isa = PBXFileReference; lastKnownFileType = sourcecode.swift; path = SuggestViewController.swift; sourceTree = "<group>"; };
		CC44CBB720EB2235007466D8 /* QuestionViewController.swift */ = {isa = PBXFileReference; lastKnownFileType = sourcecode.swift; path = QuestionViewController.swift; sourceTree = "<group>"; };
		CC44CBB920EB2307007466D8 /* SettingViewController.swift */ = {isa = PBXFileReference; lastKnownFileType = sourcecode.swift; path = SettingViewController.swift; sourceTree = "<group>"; };
		CC4AD41E20EE1D0700C31E53 /* CheckTicketViewController.swift */ = {isa = PBXFileReference; lastKnownFileType = sourcecode.swift; path = CheckTicketViewController.swift; sourceTree = "<group>"; };
		CC4AD42020EE20A700C31E53 /* CheckTicketTableViewCell.swift */ = {isa = PBXFileReference; lastKnownFileType = sourcecode.swift; path = CheckTicketTableViewCell.swift; sourceTree = "<group>"; };
		CC54E41520EC9892007C5C4E /* QuestionTableViewCell.swift */ = {isa = PBXFileReference; lastKnownFileType = sourcecode.swift; path = QuestionTableViewCell.swift; sourceTree = "<group>"; };
		CC54E41720ECA1DC007C5C4E /* QuestionHeaderTableViewCell.swift */ = {isa = PBXFileReference; lastKnownFileType = sourcecode.swift; path = QuestionHeaderTableViewCell.swift; sourceTree = "<group>"; };
		CC54E41920ECAE3F007C5C4E /* QuestionFooterTableViewCell.swift */ = {isa = PBXFileReference; lastKnownFileType = sourcecode.swift; path = QuestionFooterTableViewCell.swift; sourceTree = "<group>"; };
		CC5CE21A20E9C40D00FCE6AD /* OrderWithInfo3ViewController.swift */ = {isa = PBXFileReference; lastKnownFileType = sourcecode.swift; path = OrderWithInfo3ViewController.swift; sourceTree = "<group>"; };
		CC5CE21C20E9D28D00FCE6AD /* OrderWithInfo4ViewController.swift */ = {isa = PBXFileReference; lastKnownFileType = sourcecode.swift; path = OrderWithInfo4ViewController.swift; sourceTree = "<group>"; };
		CC5CE21E20E9D3B500FCE6AD /* OrderCompleteViewController.swift */ = {isa = PBXFileReference; lastKnownFileType = sourcecode.swift; path = OrderCompleteViewController.swift; sourceTree = "<group>"; };
		CC693A1020EE080E00DA0935 /* TicketViewController.swift */ = {isa = PBXFileReference; lastKnownFileType = sourcecode.swift; path = TicketViewController.swift; sourceTree = "<group>"; };
		CC693A1220EE0BED00DA0935 /* TicketTableViewCell.swift */ = {isa = PBXFileReference; lastKnownFileType = sourcecode.swift; path = TicketTableViewCell.swift; sourceTree = "<group>"; };
		CC794FDB20F327D500B8EEEE /* OrderListData.swift */ = {isa = PBXFileReference; lastKnownFileType = sourcecode.swift; path = OrderListData.swift; sourceTree = "<group>"; };
		CC794FDD20F32D1300B8EEEE /* OrderDetailList.swift */ = {isa = PBXFileReference; lastKnownFileType = sourcecode.swift; path = OrderDetailList.swift; sourceTree = "<group>"; };
		CC794FE120F3482100B8EEEE /* Cat.swift */ = {isa = PBXFileReference; lastKnownFileType = sourcecode.swift; path = Cat.swift; sourceTree = "<group>"; };
		CC794FE320F35F0700B8EEEE /* meow_box_splash.json */ = {isa = PBXFileReference; fileEncoding = 4; lastKnownFileType = text.json; name = meow_box_splash.json; path = ../../../../Downloads/meow_box_splash.json; sourceTree = "<group>"; };
		CC7DB55420EDE3CC00286E29 /* MainCollectionViewCell.swift */ = {isa = PBXFileReference; lastKnownFileType = sourcecode.swift; path = MainCollectionViewCell.swift; sourceTree = "<group>"; };
		CCB12E5A20E90C6B00C5D4B8 /* OrderWithInfoViewController.swift */ = {isa = PBXFileReference; lastKnownFileType = sourcecode.swift; path = OrderWithInfoViewController.swift; sourceTree = "<group>"; };
		CCCA9DF120F0E930004319E5 /* NoticeViewController.swift */ = {isa = PBXFileReference; lastKnownFileType = sourcecode.swift; path = NoticeViewController.swift; sourceTree = "<group>"; };
		CCCA9DF320F0EE5B004319E5 /* NoticeTableViewCell.swift */ = {isa = PBXFileReference; lastKnownFileType = sourcecode.swift; path = NoticeTableViewCell.swift; sourceTree = "<group>"; };
		CCDD5E7720E945C100A989CB /* OrderWithInfo2ViewController.swift */ = {isa = PBXFileReference; lastKnownFileType = sourcecode.swift; path = OrderWithInfo2ViewController.swift; sourceTree = "<group>"; };
		CCF0947520F1C3BB0029567B /* SignService.swift */ = {isa = PBXFileReference; lastKnownFileType = sourcecode.swift; path = SignService.swift; sourceTree = "<group>"; };
		CCF0947720F1D6F30029567B /* CatService.swift */ = {isa = PBXFileReference; lastKnownFileType = sourcecode.swift; path = CatService.swift; sourceTree = "<group>"; };
		CCF0947920F1EE460029567B /* OrderService.swift */ = {isa = PBXFileReference; lastKnownFileType = sourcecode.swift; path = OrderService.swift; sourceTree = "<group>"; };
/* End PBXFileReference section */

/* Begin PBXFrameworksBuildPhase section */
		222B5DA820E8BA26003F0A8C /* Frameworks */ = {
			isa = PBXFrameworksBuildPhase;
			buildActionMask = 2147483647;
			files = (
				9308BCA6A6E7FEDA2CAE42E1 /* Pods_MeowBox.framework in Frameworks */,
			);
			runOnlyForDeploymentPostprocessing = 0;
		};
/* End PBXFrameworksBuildPhase section */

/* Begin PBXGroup section */
		2200E2FF20F0E35A0030A7E9 /* Util */ = {
			isa = PBXGroup;
			children = (
				2200E30020F0E36E0030A7E9 /* Model */,
				2200E30120F0E37C0030A7E9 /* Service */,
			);
			path = Util;
			sourceTree = "<group>";
		};
		2200E30020F0E36E0030A7E9 /* Model */ = {
			isa = PBXGroup;
			children = (
				2200E30820F1D96A0030A7E9 /* MyPageNoneTicketData.swift */,
				2200E30A20F1D9850030A7E9 /* MyPageNoneTicket.swift */,
				2200E30C20F27C090030A7E9 /* MyPageTicketData.swift */,
				2200E30E20F27C210030A7E9 /* MyPageTicket.swift */,
				2200E31020F2F6D80030A7E9 /* QuestionAnswerData.swift */,
				2200E31220F2F6E60030A7E9 /* QuestionAnswer.swift */,
				2200E31420F2F8B20030A7E9 /* Product.swift */,
				2200E31620F2F97C0030A7E9 /* Delivery.swift */,
				2200E31820F2FF8C0030A7E9 /* Packing.swift */,
				2200E31A20F2FFC70030A7E9 /* Subcribe.swift */,
				2200E31C20F309A40030A7E9 /* AccountData.swift */,
				2200E31E20F309AC0030A7E9 /* Account.swift */,
			);
			path = Model;
			sourceTree = "<group>";
		};
		2200E30120F0E37C0030A7E9 /* Service */ = {
			isa = PBXGroup;
			children = (
				2200E30620F1D8E00030A7E9 /* MyPageService.swift */,
			);
			path = Service;
			sourceTree = "<group>";
		};
		222B5DA220E8BA26003F0A8C = {
			isa = PBXGroup;
			children = (
				222B5DAD20E8BA26003F0A8C /* MeowBox */,
				222B5DAC20E8BA26003F0A8C /* Products */,
				DBFE84FBC72A87E1C3293C9B /* Pods */,
				5B6BB643A15D22F89DAD7971 /* Frameworks */,
			);
			sourceTree = "<group>";
		};
		222B5DAC20E8BA26003F0A8C /* Products */ = {
			isa = PBXGroup;
			children = (
				222B5DAB20E8BA26003F0A8C /* MeowBox.app */,
			);
			name = Products;
			sourceTree = "<group>";
		};
		222B5DAD20E8BA26003F0A8C /* MeowBox */ = {
			isa = PBXGroup;
			children = (
				227DF56C20E908E200050EBC /* Kyeahen */,
				CCB12E5E20E90D5B00C5D4B8 /* JangDta */,
				222B5DAE20E8BA26003F0A8C /* AppDelegate.swift */,
				222B5DC020E8BA45003F0A8C /* Storyboard */,
				222B5DC320E8BB10003F0A8C /* Util */,
				222B5DB520E8BA28003F0A8C /* Assets.xcassets */,
				222B5DBA20E8BA28003F0A8C /* Info.plist */,
				CC794FE320F35F0700B8EEEE /* meow_box_splash.json */,
			);
			path = MeowBox;
			sourceTree = "<group>";
		};
		222B5DC020E8BA45003F0A8C /* Storyboard */ = {
			isa = PBXGroup;
			children = (
				222B5DB720E8BA28003F0A8C /* LaunchScreen.storyboard */,
			);
			path = Storyboard;
			sourceTree = "<group>";
		};
		222B5DC320E8BB10003F0A8C /* Util */ = {
			isa = PBXGroup;
			children = (
				222B5DC420E8BB1B003F0A8C /* Model */,
				222B5DC520E8BB21003F0A8C /* Service */,
				229BCBAF20EA0064005E3B9F /* Font */,
				222B5DC620E8BB2C003F0A8C /* Function */,
			);
			path = Util;
			sourceTree = "<group>";
		};
		222B5DC420E8BB1B003F0A8C /* Model */ = {
			isa = PBXGroup;
			children = (
				222B5DCB20E8BB99003F0A8C /* Order.swift */,
				CC336E1D20F2746D00073E96 /* Ticketed.swift */,
				CC336E1F20F276C400073E96 /* Ticket.swift */,
				CC336E2120F2772500073E96 /* OrderList.swift */,
				CC794FDB20F327D500B8EEEE /* OrderListData.swift */,
				CC794FDD20F32D1300B8EEEE /* OrderDetailList.swift */,
				CC794FE120F3482100B8EEEE /* Cat.swift */,
			);
			path = Model;
			sourceTree = "<group>";
		};
		222B5DC520E8BB21003F0A8C /* Service */ = {
			isa = PBXGroup;
			children = (
				222B5DC920E8BB6F003F0A8C /* APIService.swift */,
				CCF0947520F1C3BB0029567B /* SignService.swift */,
				CCF0947720F1D6F30029567B /* CatService.swift */,
				CCF0947920F1EE460029567B /* OrderService.swift */,
			);
			path = Service;
			sourceTree = "<group>";
		};
		222B5DC620E8BB2C003F0A8C /* Function */ = {
			isa = PBXGroup;
			children = (
				222B5DC720E8BB56003F0A8C /* ExtensionControl.swift */,
			);
			path = Function;
			sourceTree = "<group>";
		};
		227DF56C20E908E200050EBC /* Kyeahen */ = {
			isa = PBXGroup;
			children = (
				2200E2FF20F0E35A0030A7E9 /* Util */,
				22A2809D20E92EE200CDC3B2 /* ViewController */,
				22A2809E20E92EF600CDC3B2 /* Storyboard */,
			);
			path = Kyeahen;
			sourceTree = "<group>";
		};
		229BCBAF20EA0064005E3B9F /* Font */ = {
			isa = PBXGroup;
			children = (
				229407B020EA182900AB2B0C /* NotoSansCJKkr-Black.otf */,
				229407B420EA182B00AB2B0C /* NotoSansCJKkr-Bold.otf */,
				229407B520EA182C00AB2B0C /* NotoSansCJKkr-DemiLight.otf */,
				229407B320EA182B00AB2B0C /* NotoSansCJKkr-Light.otf */,
				229407B620EA182C00AB2B0C /* NotoSansCJKkr-Medium.otf */,
				229407B220EA182A00AB2B0C /* NotoSansCJKkr-Regular.otf */,
				229407AF20EA182800AB2B0C /* NotoSansCJKkr-Thin.otf */,
				229407B720EA182D00AB2B0C /* NotoSansMonoCJKkr-Bold.otf */,
				229407B120EA182900AB2B0C /* NotoSansMonoCJKkr-Regular.otf */,
				22B9EF4520EA039D00A2A9FD /* Roboto-Bold.ttf */,
				22B9EF4420EA039D00A2A9FD /* Roboto-Medium.ttf */,
				22B9EF4620EA039D00A2A9FD /* Roboto-Regular.ttf */,
			);
			path = Font;
			sourceTree = "<group>";
		};
		22A2809D20E92EE200CDC3B2 /* ViewController */ = {
			isa = PBXGroup;
			children = (
				227DF56A20E905FF00050EBC /* MainViewController.swift */,
				229BCBAA20E9BBC7005E3B9F /* SignInViewController.swift */,
				229BCBAC20E9CD16005E3B9F /* LoginViewController.swift */,
				22109A8120EAAAFC00E463C2 /* MyPage1ViewController.swift */,
				22A86ED120EBD81D00B17661 /* LoginPopUp1ViewController.swift */,
				22A86ED320EBE13600B17661 /* OrderPagePopUpViewController.swift */,
				22A86ED520EBE84C00B17661 /* TicketCancelPopUpViewController.swift */,
				22A86ED720EBEE4400B17661 /* LogoutPopUpViewController.swift */,
				22A86ED920EBF09500B17661 /* LogoutSucessPopUpViewController.swift */,
				22E8F7E720EBF70A00735276 /* WithdrawalPopUpViewController.swift */,
				22E8F7E920EBF90D00735276 /* WithdrawalSucessPopUpViewController.swift */,
				22BB241620EDCC0D00FD04E9 /* MyPageToSViewController.swift */,
				22B1179C20EC5EE7006B8536 /* MyAccountViewController.swift */,
				22BEB4F520EDC63D0030E81B /* MyPage1TicketViewController.swift */,
				22BEB4F720EDC6810030E81B /* MyPage1BoxViewController.swift */,
				2259035020EE6E3300094935 /* MeowBoxDetailViewController.swift */,
				22156DBD20EF85380014491E /* MeowBoxDetailTableViewCell.swift */,
				22156DBF20EF85570014491E /* MeowBoxDetailCollectionViewCell.swift */,
				22C1D38620EFC33700391389 /* MeowBoxReviewViewController.swift */,
				22D3B21220EFE10A00DE37F4 /* MeowBoxReviewCollectionViewCell.swift */,
				22D3B21420EFE13A00DE37F4 /* MeowBoxReviewTableViewCell.swift */,
				2200E2FD20F086E30030A7E9 /* MainBottomViewController.swift */,
			);
			path = ViewController;
			sourceTree = "<group>";
		};
		22A2809E20E92EF600CDC3B2 /* Storyboard */ = {
			isa = PBXGroup;
			children = (
				222B5DB220E8BA26003F0A8C /* Main.storyboard */,
				229BCBA620E9BAA1005E3B9F /* Sign.storyboard */,
				22B9EF4A20EA07EC00A2A9FD /* MeowBox.storyboard */,
				22109A7F20EAAA3200E463C2 /* MyPage.storyboard */,
			);
			path = Storyboard;
			sourceTree = "<group>";
		};
		5B6BB643A15D22F89DAD7971 /* Frameworks */ = {
			isa = PBXGroup;
			children = (
				287C0D40915BBAC2BD0D00E3 /* Pods_MeowBox.framework */,
			);
			name = Frameworks;
			sourceTree = "<group>";
		};
		CCB12E5E20E90D5B00C5D4B8 /* JangDta */ = {
			isa = PBXGroup;
			children = (
				CC05673920E8EC4B00AEDF24 /* Order.storyboard */,
				CCB12E5A20E90C6B00C5D4B8 /* OrderWithInfoViewController.swift */,
				CCDD5E7720E945C100A989CB /* OrderWithInfo2ViewController.swift */,
				CC5CE21A20E9C40D00FCE6AD /* OrderWithInfo3ViewController.swift */,
				CC5CE21C20E9D28D00FCE6AD /* OrderWithInfo4ViewController.swift */,
				CC5CE21E20E9D3B500FCE6AD /* OrderCompleteViewController.swift */,
				CC44CBB320EB2174007466D8 /* Mypage2.storyboard */,
				CC44CBB520EB21EB007466D8 /* SuggestViewController.swift */,
				CC44CBB720EB2235007466D8 /* QuestionViewController.swift */,
				CC44CBB920EB2307007466D8 /* SettingViewController.swift */,
				CC4493BC20EBCBC60095D118 /* Order1ContainerViewController.swift */,
				CC54E41520EC9892007C5C4E /* QuestionTableViewCell.swift */,
				CC54E41720ECA1DC007C5C4E /* QuestionHeaderTableViewCell.swift */,
				CC54E41920ECAE3F007C5C4E /* QuestionFooterTableViewCell.swift */,
				CC7DB55420EDE3CC00286E29 /* MainCollectionViewCell.swift */,
				CC693A1020EE080E00DA0935 /* TicketViewController.swift */,
				CC693A1220EE0BED00DA0935 /* TicketTableViewCell.swift */,
				CC4AD41E20EE1D0700C31E53 /* CheckTicketViewController.swift */,
				CC4AD42020EE20A700C31E53 /* CheckTicketTableViewCell.swift */,
				CCCA9DF120F0E930004319E5 /* NoticeViewController.swift */,
				CCCA9DF320F0EE5B004319E5 /* NoticeTableViewCell.swift */,
			);
			path = JangDta;
			sourceTree = "<group>";
		};
		DBFE84FBC72A87E1C3293C9B /* Pods */ = {
			isa = PBXGroup;
			children = (
				0725B72C78BF90D17ACFD95D /* Pods-MeowBox.debug.xcconfig */,
				6F03CE3F3C4107E59BCDF87A /* Pods-MeowBox.release.xcconfig */,
			);
			name = Pods;
			sourceTree = "<group>";
		};
/* End PBXGroup section */

/* Begin PBXNativeTarget section */
		222B5DAA20E8BA26003F0A8C /* MeowBox */ = {
			isa = PBXNativeTarget;
			buildConfigurationList = 222B5DBD20E8BA28003F0A8C /* Build configuration list for PBXNativeTarget "MeowBox" */;
			buildPhases = (
				3D4CC10651F5EFD42DB5C9FA /* [CP] Check Pods Manifest.lock */,
				222B5DA720E8BA26003F0A8C /* Sources */,
				222B5DA820E8BA26003F0A8C /* Frameworks */,
				222B5DA920E8BA26003F0A8C /* Resources */,
				6ADD747EC7D5893C8287C73B /* [CP] Embed Pods Frameworks */,
			);
			buildRules = (
			);
			dependencies = (
			);
			name = MeowBox;
			productName = MeowBox;
			productReference = 222B5DAB20E8BA26003F0A8C /* MeowBox.app */;
			productType = "com.apple.product-type.application";
		};
/* End PBXNativeTarget section */

/* Begin PBXProject section */
		222B5DA320E8BA26003F0A8C /* Project object */ = {
			isa = PBXProject;
			attributes = {
				LastSwiftUpdateCheck = 0940;
				LastUpgradeCheck = 0940;
				ORGANIZATIONNAME = yeen;
				TargetAttributes = {
					222B5DAA20E8BA26003F0A8C = {
						CreatedOnToolsVersion = 9.4;
						ProvisioningStyle = Automatic;
					};
				};
			};
			buildConfigurationList = 222B5DA620E8BA26003F0A8C /* Build configuration list for PBXProject "MeowBox" */;
			compatibilityVersion = "Xcode 8.0";
			developmentRegion = en;
			hasScannedForEncodings = 0;
			knownRegions = (
				en,
				Base,
			);
			mainGroup = 222B5DA220E8BA26003F0A8C;
			productRefGroup = 222B5DAC20E8BA26003F0A8C /* Products */;
			projectDirPath = "";
			projectRoot = "";
			targets = (
				222B5DAA20E8BA26003F0A8C /* MeowBox */,
			);
		};
/* End PBXProject section */

/* Begin PBXResourcesBuildPhase section */
		222B5DA920E8BA26003F0A8C /* Resources */ = {
			isa = PBXResourcesBuildPhase;
			buildActionMask = 2147483647;
			files = (
				229407BE20EA182D00AB2B0C /* NotoSansCJKkr-DemiLight.otf in Resources */,
				222B5DB920E8BA28003F0A8C /* LaunchScreen.storyboard in Resources */,
				229407BC20EA182D00AB2B0C /* NotoSansCJKkr-Light.otf in Resources */,
				229BCBA720E9BAA1005E3B9F /* Sign.storyboard in Resources */,
				22109A8020EAAA3200E463C2 /* MyPage.storyboard in Resources */,
				229407B920EA182D00AB2B0C /* NotoSansCJKkr-Black.otf in Resources */,
				222B5DB620E8BA28003F0A8C /* Assets.xcassets in Resources */,
				229407C020EA182D00AB2B0C /* NotoSansMonoCJKkr-Bold.otf in Resources */,
				22B9EF4720EA039D00A2A9FD /* Roboto-Medium.ttf in Resources */,
				222B5DB420E8BA26003F0A8C /* Main.storyboard in Resources */,
				CC794FE420F35F0800B8EEEE /* meow_box_splash.json in Resources */,
				229407BB20EA182D00AB2B0C /* NotoSansCJKkr-Regular.otf in Resources */,
				229407BA20EA182D00AB2B0C /* NotoSansMonoCJKkr-Regular.otf in Resources */,
				229407B820EA182D00AB2B0C /* NotoSansCJKkr-Thin.otf in Resources */,
				22B9EF4B20EA07EC00A2A9FD /* MeowBox.storyboard in Resources */,
				229407BD20EA182D00AB2B0C /* NotoSansCJKkr-Bold.otf in Resources */,
				22B9EF4920EA039D00A2A9FD /* Roboto-Regular.ttf in Resources */,
				229407BF20EA182D00AB2B0C /* NotoSansCJKkr-Medium.otf in Resources */,
				22B9EF4820EA039D00A2A9FD /* Roboto-Bold.ttf in Resources */,
				CC44CBB420EB2174007466D8 /* Mypage2.storyboard in Resources */,
				CC05673A20E8EC4B00AEDF24 /* Order.storyboard in Resources */,
			);
			runOnlyForDeploymentPostprocessing = 0;
		};
/* End PBXResourcesBuildPhase section */

/* Begin PBXShellScriptBuildPhase section */
		3D4CC10651F5EFD42DB5C9FA /* [CP] Check Pods Manifest.lock */ = {
			isa = PBXShellScriptBuildPhase;
			buildActionMask = 2147483647;
			files = (
			);
			inputPaths = (
				"${PODS_PODFILE_DIR_PATH}/Podfile.lock",
				"${PODS_ROOT}/Manifest.lock",
			);
			name = "[CP] Check Pods Manifest.lock";
			outputPaths = (
				"$(DERIVED_FILE_DIR)/Pods-MeowBox-checkManifestLockResult.txt",
			);
			runOnlyForDeploymentPostprocessing = 0;
			shellPath = /bin/sh;
			shellScript = "diff \"${PODS_PODFILE_DIR_PATH}/Podfile.lock\" \"${PODS_ROOT}/Manifest.lock\" > /dev/null\nif [ $? != 0 ] ; then\n    # print error to STDERR\n    echo \"error: The sandbox is not in sync with the Podfile.lock. Run 'pod install' or update your CocoaPods installation.\" >&2\n    exit 1\nfi\n# This output is used by Xcode 'outputs' to avoid re-running this script phase.\necho \"SUCCESS\" > \"${SCRIPT_OUTPUT_FILE_0}\"\n";
			showEnvVarsInLog = 0;
		};
		6ADD747EC7D5893C8287C73B /* [CP] Embed Pods Frameworks */ = {
			isa = PBXShellScriptBuildPhase;
			buildActionMask = 2147483647;
			files = (
			);
			inputPaths = (
				"${SRCROOT}/Pods/Target Support Files/Pods-MeowBox/Pods-MeowBox-frameworks.sh",
				"${BUILT_PRODUCTS_DIR}/Alamofire/Alamofire.framework",
				"${BUILT_PRODUCTS_DIR}/GTProgressBar/GTProgressBar.framework",
				"${BUILT_PRODUCTS_DIR}/Kingfisher/Kingfisher.framework",
				"${BUILT_PRODUCTS_DIR}/SelectionList/SelectionList.framework",
				"${BUILT_PRODUCTS_DIR}/SwiftyJSON/SwiftyJSON.framework",
				"${BUILT_PRODUCTS_DIR}/UITextView+Placeholder/UITextView_Placeholder.framework",
				"${BUILT_PRODUCTS_DIR}/lottie-ios/Lottie.framework",
			);
			name = "[CP] Embed Pods Frameworks";
			outputPaths = (
				"${TARGET_BUILD_DIR}/${FRAMEWORKS_FOLDER_PATH}/Alamofire.framework",
				"${TARGET_BUILD_DIR}/${FRAMEWORKS_FOLDER_PATH}/GTProgressBar.framework",
				"${TARGET_BUILD_DIR}/${FRAMEWORKS_FOLDER_PATH}/Kingfisher.framework",
				"${TARGET_BUILD_DIR}/${FRAMEWORKS_FOLDER_PATH}/SelectionList.framework",
				"${TARGET_BUILD_DIR}/${FRAMEWORKS_FOLDER_PATH}/SwiftyJSON.framework",
				"${TARGET_BUILD_DIR}/${FRAMEWORKS_FOLDER_PATH}/UITextView_Placeholder.framework",
				"${TARGET_BUILD_DIR}/${FRAMEWORKS_FOLDER_PATH}/Lottie.framework",
			);
			runOnlyForDeploymentPostprocessing = 0;
			shellPath = /bin/sh;
			shellScript = "\"${SRCROOT}/Pods/Target Support Files/Pods-MeowBox/Pods-MeowBox-frameworks.sh\"\n";
			showEnvVarsInLog = 0;
		};
/* End PBXShellScriptBuildPhase section */

/* Begin PBXSourcesBuildPhase section */
		222B5DA720E8BA26003F0A8C /* Sources */ = {
			isa = PBXSourcesBuildPhase;
			buildActionMask = 2147483647;
			files = (
				CC54E41A20ECAE3F007C5C4E /* QuestionFooterTableViewCell.swift in Sources */,
				22E8F7E820EBF70A00735276 /* WithdrawalPopUpViewController.swift in Sources */,
				2200E30B20F1D9850030A7E9 /* MyPageNoneTicket.swift in Sources */,
				222B5DC820E8BB56003F0A8C /* ExtensionControl.swift in Sources */,
				222B5DCC20E8BB99003F0A8C /* Order.swift in Sources */,
				2200E31120F2F6D80030A7E9 /* QuestionAnswerData.swift in Sources */,
				CC5CE21D20E9D28D00FCE6AD /* OrderWithInfo4ViewController.swift in Sources */,
				CC794FDE20F32D1300B8EEEE /* OrderDetailList.swift in Sources */,
				CC54E41820ECA1DC007C5C4E /* QuestionHeaderTableViewCell.swift in Sources */,
				22BB241720EDCC0D00FD04E9 /* MyPageToSViewController.swift in Sources */,
				2200E31720F2F97C0030A7E9 /* Delivery.swift in Sources */,
				22BEB4F620EDC63D0030E81B /* MyPage1TicketViewController.swift in Sources */,
				CC4AD42120EE20A700C31E53 /* CheckTicketTableViewCell.swift in Sources */,
				2200E30D20F27C090030A7E9 /* MyPageTicketData.swift in Sources */,
				2200E2FE20F086E30030A7E9 /* MainBottomViewController.swift in Sources */,
				2200E31B20F2FFC70030A7E9 /* Subcribe.swift in Sources */,
				2200E30F20F27C210030A7E9 /* MyPageTicket.swift in Sources */,
				CC4493BD20EBCBC60095D118 /* Order1ContainerViewController.swift in Sources */,
				22D3B21520EFE13A00DE37F4 /* MeowBoxReviewTableViewCell.swift in Sources */,
				22C1D38720EFC33700391389 /* MeowBoxReviewViewController.swift in Sources */,
				CC5CE21B20E9C40D00FCE6AD /* OrderWithInfo3ViewController.swift in Sources */,
				CCDD5E7820E945C100A989CB /* OrderWithInfo2ViewController.swift in Sources */,
				CC693A1120EE080E00DA0935 /* TicketViewController.swift in Sources */,
				CCF0947A20F1EE460029567B /* OrderService.swift in Sources */,
				22A86ED220EBD81D00B17661 /* LoginPopUp1ViewController.swift in Sources */,
				CC44CBBA20EB2307007466D8 /* SettingViewController.swift in Sources */,
				CC336E2220F2772500073E96 /* OrderList.swift in Sources */,
				2200E30920F1D96A0030A7E9 /* MyPageNoneTicketData.swift in Sources */,
				CC7DB55520EDE3CC00286E29 /* MainCollectionViewCell.swift in Sources */,
				CC693A1320EE0BED00DA0935 /* TicketTableViewCell.swift in Sources */,
				CCCA9DF220F0E930004319E5 /* NoticeViewController.swift in Sources */,
				2200E31520F2F8B20030A7E9 /* Product.swift in Sources */,
				CCF0947820F1D6F30029567B /* CatService.swift in Sources */,
				222B5DCA20E8BB6F003F0A8C /* APIService.swift in Sources */,
				CCCA9DF420F0EE5B004319E5 /* NoticeTableViewCell.swift in Sources */,
				22A86ED620EBE84C00B17661 /* TicketCancelPopUpViewController.swift in Sources */,
				CC794FDC20F327D500B8EEEE /* OrderListData.swift in Sources */,
				22D3B21320EFE10A00DE37F4 /* MeowBoxReviewCollectionViewCell.swift in Sources */,
				22109A8220EAAAFC00E463C2 /* MyPage1ViewController.swift in Sources */,
				229BCBAB20E9BBC7005E3B9F /* SignInViewController.swift in Sources */,
				222B5DAF20E8BA26003F0A8C /* AppDelegate.swift in Sources */,
				2200E30720F1D8E00030A7E9 /* MyPageService.swift in Sources */,
				22A86ED820EBEE4400B17661 /* LogoutPopUpViewController.swift in Sources */,
				22B1179D20EC5EE7006B8536 /* MyAccountViewController.swift in Sources */,
				227DF56B20E905FF00050EBC /* MainViewController.swift in Sources */,
				2200E31D20F309A40030A7E9 /* AccountData.swift in Sources */,
				22BEB4F820EDC6810030E81B /* MyPage1BoxViewController.swift in Sources */,
				229BCBAD20E9CD16005E3B9F /* LoginViewController.swift in Sources */,
				CC794FE220F3482100B8EEEE /* Cat.swift in Sources */,
				CC5CE21F20E9D3B500FCE6AD /* OrderCompleteViewController.swift in Sources */,
				22A86EDA20EBF09500B17661 /* LogoutSucessPopUpViewController.swift in Sources */,
				CC44CBB620EB21EB007466D8 /* SuggestViewController.swift in Sources */,
				22E8F7EA20EBF90D00735276 /* WithdrawalSucessPopUpViewController.swift in Sources */,
				CC336E1E20F2746E00073E96 /* Ticketed.swift in Sources */,
				CC44CBB820EB2235007466D8 /* QuestionViewController.swift in Sources */,
				2200E31320F2F6E60030A7E9 /* QuestionAnswer.swift in Sources */,
				2200E31F20F309AC0030A7E9 /* Account.swift in Sources */,
				2200E31920F2FF8C0030A7E9 /* Packing.swift in Sources */,
				CC54E41620EC9892007C5C4E /* QuestionTableViewCell.swift in Sources */,
				22156DC020EF85570014491E /* MeowBoxDetailCollectionViewCell.swift in Sources */,
				CC4AD41F20EE1D0700C31E53 /* CheckTicketViewController.swift in Sources */,
				CCB12E5B20E90C6B00C5D4B8 /* OrderWithInfoViewController.swift in Sources */,
				22A86ED420EBE13600B17661 /* OrderPagePopUpViewController.swift in Sources */,
				22156DBE20EF85380014491E /* MeowBoxDetailTableViewCell.swift in Sources */,
				CC336E2020F276C400073E96 /* Ticket.swift in Sources */,
				CCF0947620F1C3BB0029567B /* SignService.swift in Sources */,
				2259035120EE6E3300094935 /* MeowBoxDetailViewController.swift in Sources */,
			);
			runOnlyForDeploymentPostprocessing = 0;
		};
/* End PBXSourcesBuildPhase section */

/* Begin PBXVariantGroup section */
		222B5DB220E8BA26003F0A8C /* Main.storyboard */ = {
			isa = PBXVariantGroup;
			children = (
				222B5DB320E8BA26003F0A8C /* Base */,
			);
			name = Main.storyboard;
			sourceTree = "<group>";
		};
		222B5DB720E8BA28003F0A8C /* LaunchScreen.storyboard */ = {
			isa = PBXVariantGroup;
			children = (
				222B5DB820E8BA28003F0A8C /* Base */,
			);
			name = LaunchScreen.storyboard;
			sourceTree = "<group>";
		};
/* End PBXVariantGroup section */

/* Begin XCBuildConfiguration section */
		222B5DBB20E8BA28003F0A8C /* Debug */ = {
			isa = XCBuildConfiguration;
			buildSettings = {
				ALWAYS_SEARCH_USER_PATHS = NO;
				CLANG_ANALYZER_NONNULL = YES;
				CLANG_ANALYZER_NUMBER_OBJECT_CONVERSION = YES_AGGRESSIVE;
				CLANG_CXX_LANGUAGE_STANDARD = "gnu++14";
				CLANG_CXX_LIBRARY = "libc++";
				CLANG_ENABLE_MODULES = YES;
				CLANG_ENABLE_OBJC_ARC = YES;
				CLANG_ENABLE_OBJC_WEAK = YES;
				CLANG_WARN_BLOCK_CAPTURE_AUTORELEASING = YES;
				CLANG_WARN_BOOL_CONVERSION = YES;
				CLANG_WARN_COMMA = YES;
				CLANG_WARN_CONSTANT_CONVERSION = YES;
				CLANG_WARN_DEPRECATED_OBJC_IMPLEMENTATIONS = YES;
				CLANG_WARN_DIRECT_OBJC_ISA_USAGE = YES_ERROR;
				CLANG_WARN_DOCUMENTATION_COMMENTS = YES;
				CLANG_WARN_EMPTY_BODY = YES;
				CLANG_WARN_ENUM_CONVERSION = YES;
				CLANG_WARN_INFINITE_RECURSION = YES;
				CLANG_WARN_INT_CONVERSION = YES;
				CLANG_WARN_NON_LITERAL_NULL_CONVERSION = YES;
				CLANG_WARN_OBJC_IMPLICIT_RETAIN_SELF = YES;
				CLANG_WARN_OBJC_LITERAL_CONVERSION = YES;
				CLANG_WARN_OBJC_ROOT_CLASS = YES_ERROR;
				CLANG_WARN_RANGE_LOOP_ANALYSIS = YES;
				CLANG_WARN_STRICT_PROTOTYPES = YES;
				CLANG_WARN_SUSPICIOUS_MOVE = YES;
				CLANG_WARN_UNGUARDED_AVAILABILITY = YES_AGGRESSIVE;
				CLANG_WARN_UNREACHABLE_CODE = YES;
				CLANG_WARN__DUPLICATE_METHOD_MATCH = YES;
				CODE_SIGN_IDENTITY = "iPhone Developer";
				COPY_PHASE_STRIP = NO;
				DEBUG_INFORMATION_FORMAT = dwarf;
				ENABLE_STRICT_OBJC_MSGSEND = YES;
				ENABLE_TESTABILITY = YES;
				GCC_C_LANGUAGE_STANDARD = gnu11;
				GCC_DYNAMIC_NO_PIC = NO;
				GCC_NO_COMMON_BLOCKS = YES;
				GCC_OPTIMIZATION_LEVEL = 0;
				GCC_PREPROCESSOR_DEFINITIONS = (
					"DEBUG=1",
					"$(inherited)",
				);
				GCC_WARN_64_TO_32_BIT_CONVERSION = YES;
				GCC_WARN_ABOUT_RETURN_TYPE = YES_ERROR;
				GCC_WARN_UNDECLARED_SELECTOR = YES;
				GCC_WARN_UNINITIALIZED_AUTOS = YES_AGGRESSIVE;
				GCC_WARN_UNUSED_FUNCTION = YES;
				GCC_WARN_UNUSED_VARIABLE = YES;
				IPHONEOS_DEPLOYMENT_TARGET = 11.4;
				MTL_ENABLE_DEBUG_INFO = YES;
				ONLY_ACTIVE_ARCH = YES;
				SDKROOT = iphoneos;
				SWIFT_ACTIVE_COMPILATION_CONDITIONS = DEBUG;
				SWIFT_OPTIMIZATION_LEVEL = "-Onone";
			};
			name = Debug;
		};
		222B5DBC20E8BA28003F0A8C /* Release */ = {
			isa = XCBuildConfiguration;
			buildSettings = {
				ALWAYS_SEARCH_USER_PATHS = NO;
				CLANG_ANALYZER_NONNULL = YES;
				CLANG_ANALYZER_NUMBER_OBJECT_CONVERSION = YES_AGGRESSIVE;
				CLANG_CXX_LANGUAGE_STANDARD = "gnu++14";
				CLANG_CXX_LIBRARY = "libc++";
				CLANG_ENABLE_MODULES = YES;
				CLANG_ENABLE_OBJC_ARC = YES;
				CLANG_ENABLE_OBJC_WEAK = YES;
				CLANG_WARN_BLOCK_CAPTURE_AUTORELEASING = YES;
				CLANG_WARN_BOOL_CONVERSION = YES;
				CLANG_WARN_COMMA = YES;
				CLANG_WARN_CONSTANT_CONVERSION = YES;
				CLANG_WARN_DEPRECATED_OBJC_IMPLEMENTATIONS = YES;
				CLANG_WARN_DIRECT_OBJC_ISA_USAGE = YES_ERROR;
				CLANG_WARN_DOCUMENTATION_COMMENTS = YES;
				CLANG_WARN_EMPTY_BODY = YES;
				CLANG_WARN_ENUM_CONVERSION = YES;
				CLANG_WARN_INFINITE_RECURSION = YES;
				CLANG_WARN_INT_CONVERSION = YES;
				CLANG_WARN_NON_LITERAL_NULL_CONVERSION = YES;
				CLANG_WARN_OBJC_IMPLICIT_RETAIN_SELF = YES;
				CLANG_WARN_OBJC_LITERAL_CONVERSION = YES;
				CLANG_WARN_OBJC_ROOT_CLASS = YES_ERROR;
				CLANG_WARN_RANGE_LOOP_ANALYSIS = YES;
				CLANG_WARN_STRICT_PROTOTYPES = YES;
				CLANG_WARN_SUSPICIOUS_MOVE = YES;
				CLANG_WARN_UNGUARDED_AVAILABILITY = YES_AGGRESSIVE;
				CLANG_WARN_UNREACHABLE_CODE = YES;
				CLANG_WARN__DUPLICATE_METHOD_MATCH = YES;
				CODE_SIGN_IDENTITY = "iPhone Developer";
				COPY_PHASE_STRIP = NO;
				DEBUG_INFORMATION_FORMAT = "dwarf-with-dsym";
				ENABLE_NS_ASSERTIONS = NO;
				ENABLE_STRICT_OBJC_MSGSEND = YES;
				GCC_C_LANGUAGE_STANDARD = gnu11;
				GCC_NO_COMMON_BLOCKS = YES;
				GCC_WARN_64_TO_32_BIT_CONVERSION = YES;
				GCC_WARN_ABOUT_RETURN_TYPE = YES_ERROR;
				GCC_WARN_UNDECLARED_SELECTOR = YES;
				GCC_WARN_UNINITIALIZED_AUTOS = YES_AGGRESSIVE;
				GCC_WARN_UNUSED_FUNCTION = YES;
				GCC_WARN_UNUSED_VARIABLE = YES;
				IPHONEOS_DEPLOYMENT_TARGET = 11.4;
				MTL_ENABLE_DEBUG_INFO = NO;
				SDKROOT = iphoneos;
				SWIFT_OPTIMIZATION_LEVEL = "-Owholemodule";
				VALIDATE_PRODUCT = YES;
			};
			name = Release;
		};
		222B5DBE20E8BA28003F0A8C /* Debug */ = {
			isa = XCBuildConfiguration;
			baseConfigurationReference = 0725B72C78BF90D17ACFD95D /* Pods-MeowBox.debug.xcconfig */;
			buildSettings = {
				ASSETCATALOG_COMPILER_APPICON_NAME = AppIcon;
				CODE_SIGN_IDENTITY = "iPhone Developer";
				CODE_SIGN_STYLE = Automatic;
				DEVELOPMENT_TEAM = 7Y3DL2X5B3;
				INFOPLIST_FILE = MeowBox/Info.plist;
				IPHONEOS_DEPLOYMENT_TARGET = 11.1;
				LD_RUNPATH_SEARCH_PATHS = "$(inherited) @executable_path/Frameworks";
				PRODUCT_BUNDLE_IDENTIFIER = com.sopt.yeen.MeowBox;
				PRODUCT_NAME = "$(TARGET_NAME)";
				PROVISIONING_PROFILE_SPECIFIER = "";
				SWIFT_VERSION = 4.0;
				TARGETED_DEVICE_FAMILY = "1,2";
			};
			name = Debug;
		};
		222B5DBF20E8BA28003F0A8C /* Release */ = {
			isa = XCBuildConfiguration;
			baseConfigurationReference = 6F03CE3F3C4107E59BCDF87A /* Pods-MeowBox.release.xcconfig */;
			buildSettings = {
				ASSETCATALOG_COMPILER_APPICON_NAME = AppIcon;
				CODE_SIGN_IDENTITY = "iPhone Developer";
				CODE_SIGN_STYLE = Automatic;
				DEVELOPMENT_TEAM = 7Y3DL2X5B3;
				INFOPLIST_FILE = MeowBox/Info.plist;
				IPHONEOS_DEPLOYMENT_TARGET = 11.1;
				LD_RUNPATH_SEARCH_PATHS = "$(inherited) @executable_path/Frameworks";
				PRODUCT_BUNDLE_IDENTIFIER = com.sopt.yeen.MeowBox;
				PRODUCT_NAME = "$(TARGET_NAME)";
				PROVISIONING_PROFILE_SPECIFIER = "";
				SWIFT_VERSION = 4.0;
				TARGETED_DEVICE_FAMILY = "1,2";
			};
			name = Release;
		};
/* End XCBuildConfiguration section */

/* Begin XCConfigurationList section */
		222B5DA620E8BA26003F0A8C /* Build configuration list for PBXProject "MeowBox" */ = {
			isa = XCConfigurationList;
			buildConfigurations = (
				222B5DBB20E8BA28003F0A8C /* Debug */,
				222B5DBC20E8BA28003F0A8C /* Release */,
			);
			defaultConfigurationIsVisible = 0;
			defaultConfigurationName = Release;
		};
		222B5DBD20E8BA28003F0A8C /* Build configuration list for PBXNativeTarget "MeowBox" */ = {
			isa = XCConfigurationList;
			buildConfigurations = (
				222B5DBE20E8BA28003F0A8C /* Debug */,
				222B5DBF20E8BA28003F0A8C /* Release */,
			);
			defaultConfigurationIsVisible = 0;
			defaultConfigurationName = Release;
		};
/* End XCConfigurationList section */
	};
	rootObject = 222B5DA320E8BA26003F0A8C /* Project object */;
}
